
Microsoft Visual Studio Solution File, Format Version 11.00
# Visual Studio 2010
Project("{F184B08F-C81C-45F6-A57F-5ABD9991F28F}") = "PollosPioRico", "PollosPioRico\PollosPioRico.vbproj", "{CF7C171E-FBAB-404F-9CBF-1DA2B44CFF44}"
EndProject
Global
	GlobalSection(SolutionConfigurationPlatforms) = preSolution
		Debug|x86 = Debug|x86
		Release|x86 = Release|x86
	EndGlobalSection
	GlobalSection(ProjectConfigurationPlatforms) = postSolution
		{CF7C171E-FBAB-404F-9CBF-1DA2B44CFF44}.Debug|x86.ActiveCfg = Debug|x86
		{CF7C171E-FBAB-404F-9CBF-1DA2B44CFF44}.Debug|x86.Build.0 = Debug|x86
		{CF7C171E-FBAB-404F-9CBF-1DA2B44CFF44}.Release|x86.ActiveCfg = Release|x86
		{CF7C171E-FBAB-404F-9CBF-1DA2B44CFF44}.Release|x86.Build.0 = Release|x86
	EndGlobalSection
	GlobalSection(SolutionProperties) = preSolution
		HideSolutionNode = FALSE
	EndGlobalSection
EndGlobal
